
Microsoft Visual Studio Solution File, Format Version 12.00
# Visual Studio Version 17
VisualStudioVersion = 17.0.32112.339
MinimumVisualStudioVersion = 10.0.40219.1
Project("{8BC9CEB8-8B4A-11D0-8D11-00A0C91BC942}") = "szyfr ceazar 2", "szyfr ceazar 2\szyfr ceazar 2.vcxproj", "{01412D1B-CAB5-4C56-82CE-48DACCEF62DC}"
EndProject
Global
	GlobalSection(SolutionConfigurationPlatforms) = preSolution
		Debug|x64 = Debug|x64
		Debug|x86 = Debug|x86
		Release|x64 = Release|x64
		Release|x86 = Release|x86
	EndGlobalSection
	GlobalSection(ProjectConfigurationPlatforms) = postSolution
		{01412D1B-CAB5-4C56-82CE-48DACCEF62DC}.Debug|x64.ActiveCfg = Debug|x64
		{01412D1B-CAB5-4C56-82CE-48DACCEF62DC}.Debug|x64.Build.0 = Debug|x64
		{01412D1B-CAB5-4C56-82CE-48DACCEF62DC}.Debug|x86.ActiveCfg = Debug|Win32
		{01412D1B-CAB5-4C56-82CE-48DACCEF62DC}.Debug|x86.Build.0 = Debug|Win32
		{01412D1B-CAB5-4C56-82CE-48DACCEF62DC}.Release|x64.ActiveCfg = Release|x64
		{01412D1B-CAB5-4C56-82CE-48DACCEF62DC}.Release|x64.Build.0 = Release|x64
		{01412D1B-CAB5-4C56-82CE-48DACCEF62DC}.Release|x86.ActiveCfg = Release|Win32
		{01412D1B-CAB5-4C56-82CE-48DACCEF62DC}.Release|x86.Build.0 = Release|Win32
	EndGlobalSection
	GlobalSection(SolutionProperties) = preSolution
		HideSolutionNode = FALSE
	EndGlobalSection
	GlobalSection(ExtensibilityGlobals) = postSolution
		SolutionGuid = {2ED5F6D6-0BFF-41FC-8037-4DDD8AC7D58B}
	EndGlobalSection
EndGlobal
